
Microsoft Visual Studio Solution File, Format Version 12.00
# Visual Studio Version 17
VisualStudioVersion = 17.5.002.0
MinimumVisualStudioVersion = 10.0.40219.1
Project("{9A19103F-16F7-4668-BE54-9A1E7A4F7556}") = "StoreApp", "StoreApp.csproj", "{F6342DDD-8A74-446E-9CB7-BC260665F7EC}"
EndProject
Global
	GlobalSection(SolutionConfigurationPlatforms) = preSolution
		Debug|Any CPU = Debug|Any CPU
		Release|Any CPU = Release|Any CPU
	EndGlobalSection
	GlobalSection(ProjectConfigurationPlatforms) = postSolution
		{F6342DDD-8A74-446E-9CB7-BC260665F7EC}.Debug|Any CPU.ActiveCfg = Debug|Any CPU
		{F6342DDD-8A74-446E-9CB7-BC260665F7EC}.Debug|Any CPU.Build.0 = Debug|Any CPU
		{F6342DDD-8A74-446E-9CB7-BC260665F7EC}.Release|Any CPU.ActiveCfg = Release|Any CPU
		{F6342DDD-8A74-446E-9CB7-BC260665F7EC}.Release|Any CPU.Build.0 = Release|Any CPU
	EndGlobalSection
	GlobalSection(SolutionProperties) = preSolution
		HideSolutionNode = FALSE
	EndGlobalSection
	GlobalSection(ExtensibilityGlobals) = postSolution
		SolutionGuid = {C4875641-73F6-4EC9-85F6-0D454E16EB29}
	EndGlobalSection
EndGlobal
